
Microsoft Visual Studio Solution File, Format Version 11.00
# Visual C++ Express 2010
Project("{8BC9CEB8-8B4A-11D0-8D11-00A0C91BC942}") = "sfml_test", "sfml_test.vcxproj", "{E39E677D-BD99-43C7-AB1B-9B1C755E7C27}"
EndProject
Global
	GlobalSection(SolutionConfigurationPlatforms) = preSolution
		Debug|Win32 = Debug|Win32
		Release|Win32 = Release|Win32
	EndGlobalSection
	GlobalSection(ProjectConfigurationPlatforms) = postSolution
		{E39E677D-BD99-43C7-AB1B-9B1C755E7C27}.Debug|Win32.ActiveCfg = Debug|Win32
		{E39E677D-BD99-43C7-AB1B-9B1C755E7C27}.Debug|Win32.Build.0 = Debug|Win32
		{E39E677D-BD99-43C7-AB1B-9B1C755E7C27}.Release|Win32.ActiveCfg = Release|Win32
		{E39E677D-BD99-43C7-AB1B-9B1C755E7C27}.Release|Win32.Build.0 = Release|Win32
	EndGlobalSection
	GlobalSection(SolutionProperties) = preSolution
		HideSolutionNode = FALSE
	EndGlobalSection
EndGlobal
